
Microsoft Visual Studio Solution File, Format Version 12.00
# Visual Studio Version 16
VisualStudioVersion = 16.0.31613.86
MinimumVisualStudioVersion = 10.0.40219.1
Project("{FAE04EC0-301F-11D3-BF4B-00C04F79EFBC}") = "LSTM", "LSTM\LSTM.csproj", "{87E23036-ABD9-49EE-8782-A6BED450FEB4}"
EndProject
Global
	GlobalSection(SolutionConfigurationPlatforms) = preSolution
		Debug|Any CPU = Debug|Any CPU
		Release|Any CPU = Release|Any CPU
	EndGlobalSection
	GlobalSection(ProjectConfigurationPlatforms) = postSolution
		{87E23036-ABD9-49EE-8782-A6BED450FEB4}.Debug|Any CPU.ActiveCfg = Debug|Any CPU
		{87E23036-ABD9-49EE-8782-A6BED450FEB4}.Debug|Any CPU.Build.0 = Debug|Any CPU
		{87E23036-ABD9-49EE-8782-A6BED450FEB4}.Release|Any CPU.ActiveCfg = Release|Any CPU
		{87E23036-ABD9-49EE-8782-A6BED450FEB4}.Release|Any CPU.Build.0 = Release|Any CPU
	EndGlobalSection
	GlobalSection(SolutionProperties) = preSolution
		HideSolutionNode = FALSE
	EndGlobalSection
	GlobalSection(ExtensibilityGlobals) = postSolution
		SolutionGuid = {E2F742A3-F3D6-481B-8620-069CEF851745}
	EndGlobalSection
EndGlobal
